{
  "name": "evcrate-advisor-plugin",
  "version": "0.1.0",
  "lockfileVersion": 3,
  "requires": true,
  "packages": {
    "": {
      "name": "evcrate-advisor-plugin",
      "version": "0.1.0",
      "dependencies": {
        "@dam-hopper/plugin-sdk": "file:./vendor/dam-hopper-plugin-sdk-0.1.0.tgz"
      },
      "engines": {
        "node": ">=22.19.0"
      }
    },
    "node_modules/@dam-hopper/plugin-sdk": {
      "version": "0.1.0",
      "resolved": "file:vendor/dam-hopper-plugin-sdk-0.1.0.tgz",
      "integrity": "sha512-dSJs4HxNusu8JCpWpCMp0AfFkpmdY5jVSDT2mhTvMhQUi5Ab7wqQqV5ZK2vydCf7HXIoURePlAW380r//rXNag=="
    }
  }
}
